// !$*UTF8*$!
{
	archiveVersion = 1;
	classes = {
	};
	objectVersion = 46;
	objects = {

/* Begin PBXBuildFile section */
		02B2157119D0E5FA00C88870 /* AppDelegate.swift in Sources */ = {isa = PBXBuildFile; fileRef = 02B2157019D0E5FA00C88870 /* AppDelegate.swift */; };
		02B2157319D0E5FA00C88870 /* ViewController.swift in Sources */ = {isa = PBXBuildFile; fileRef = 02B2157219D0E5FA00C88870 /* ViewController.swift */; };
		02B2157619D0E5FA00C88870 /* Main.storyboard in Resources */ = {isa = PBXBuildFile; fileRef = 02B2157419D0E5FA00C88870 /* Main.storyboard */; };
		02B2157819D0E5FA00C88870 /* Images.xcassets in Resources */ = {isa = PBXBuildFile; fileRef = 02B2157719D0E5FA00C88870 /* Images.xcassets */; };
		02B2157B19D0E5FA00C88870 /* LaunchScreen.xib in Resources */ = {isa = PBXBuildFile; fileRef = 02B2157919D0E5FA00C88870 /* LaunchScreen.xib */; };
		02B2158719D0E5FA00C88870 /* PostcardTests.swift in Sources */ = {isa = PBXBuildFile; fileRef = 02B2158619D0E5FA00C88870 /* PostcardTests.swift */; };
		02B2159119D0EEC000C88870 /* SagradaFamilia.jpeg in Resources */ = {isa = PBXBuildFile; fileRef = 02B2159019D0EEC000C88870 /* SagradaFamilia.jpeg */; };
		02B2159319D0F2C500C88870 /* AlbertEinsteinStamp.jpg in Resources */ = {isa = PBXBuildFile; fileRef = 02B2159219D0F2C500C88870 /* AlbertEinsteinStamp.jpg */; };
/* End PBXBuildFile section */

/* Begin PBXContainerItemProxy section */
		02B2158119D0E5FA00C88870 /* PBXContainerItemProxy */ = {
			isa = PBXContainerItemProxy;
			containerPortal = 02B2156319D0E5FA00C88870 /* Project object */;
			proxyType = 1;
			remoteGlobalIDString = 02B2156A19D0E5FA00C88870;
			remoteInfo = Postcard;
		};
/* End PBXContainerItemProxy section */

/* Begin PBXFileReference section */
		02B2156B19D0E5FA00C88870 /* Postcard.app */ = {isa = PBXFileReference; explicitFileType = wrapper.application; includeInIndex = 0; path = Postcard.app; sourceTree = BUILT_PRODUCTS_DIR; };
		02B2156F19D0E5FA00C88870 /* Info.plist */ = {isa = PBXFileReference; lastKnownFileType = text.plist.xml; path = Info.plist; sourceTree = "<group>"; };
		02B2157019D0E5FA00C88870 /* AppDelegate.swift */ = {isa = PBXFileReference; lastKnownFileType = sourcecode.swift; path = AppDelegate.swift; sourceTree = "<group>"; };
		02B2157219D0E5FA00C88870 /* ViewController.swift */ = {isa = PBXFileReference; lastKnownFileType = sourcecode.swift; path = ViewController.swift; sourceTree = "<group>"; };
		02B2157519D0E5FA00C88870 /* Base */ = {isa = PBXFileReference; lastKnownFileType = file.storyboard; name = Base; path = Base.lproj/Main.storyboard; sourceTree = "<group>"; };
		02B2157719D0E5FA00C88870 /* Images.xcassets */ = {isa = PBXFileReference; lastKnownFileType = folder.assetcatalog; path = Images.xcassets; sourceTree = "<group>"; };
		02B2157A19D0E5FA00C88870 /* Base */ = {isa = PBXFileReference; lastKnownFileType = file.xib; name = Base; path = Base.lproj/LaunchScreen.xib; sourceTree = "<group>"; };
		02B2158019D0E5FA00C88870 /* PostcardTests.xctest */ = {isa = PBXFileReference; explicitFileType = wrapper.cfbundle; includeInIndex = 0; path = PostcardTests.xctest; sourceTree = BUILT_PRODUCTS_DIR; };
		02B2158519D0E5FA00C88870 /* Info.plist */ = {isa = PBXFileReference; lastKnownFileType = text.plist.xml; path = Info.plist; sourceTree = "<group>"; };
		02B2158619D0E5FA00C88870 /* PostcardTests.swift */ = {isa = PBXFileReference; lastKnownFileType = sourcecode.swift; path = PostcardTests.swift; sourceTree = "<group>"; };
		02B2159019D0EEC000C88870 /* SagradaFamilia.jpeg */ = {isa = PBXFileReference; lastKnownFileType = image.jpeg; path = SagradaFamilia.jpeg; sourceTree = "<group>"; };
		02B2159219D0F2C500C88870 /* AlbertEinsteinStamp.jpg */ = {isa = PBXFileReference; lastKnownFileType = image.jpeg; path = AlbertEinsteinStamp.jpg; sourceTree = "<group>"; };
/* End PBXFileReference section */

/* Begin PBXFrameworksBuildPhase section */
		02B2156819D0E5FA00C88870 /* Frameworks */ = {
			isa = PBXFrameworksBuildPhase;
			buildActionMask = 2147483647;
			files = (
			);
			runOnlyForDeploymentPostprocessing = 0;
		};
		02B2157D19D0E5FA00C88870 /* Frameworks */ = {
			isa = PBXFrameworksBuildPhase;
			buildActionMask = 2147483647;
			files = (
			);
			runOnlyForDeploymentPostprocessing = 0;
		};
/* End PBXFrameworksBuildPhase section */

/* Begin PBXGroup section */
		02B2156219D0E5FA00C88870 = {
			isa = PBXGroup;
			children = (
				02B2156D19D0E5FA00C88870 /* Postcard */,
				02B2158319D0E5FA00C88870 /* PostcardTests */,
				02B2156C19D0E5FA00C88870 /* Products */,
			);
			sourceTree = "<group>";
		};
		02B2156C19D0E5FA00C88870 /* Products */ = {
			isa = PBXGroup;
			children = (
				02B2156B19D0E5FA00C88870 /* Postcard.app */,
				02B2158019D0E5FA00C88870 /* PostcardTests.xctest */,
			);
			name = Products;
			sourceTree = "<group>";
		};
		02B2156D19D0E5FA00C88870 /* Postcard */ = {
			isa = PBXGroup;
			children = (
				02B2157019D0E5FA00C88870 /* AppDelegate.swift */,
				02B2157219D0E5FA00C88870 /* ViewController.swift */,
				02B2157419D0E5FA00C88870 /* Main.storyboard */,
				02B2157719D0E5FA00C88870 /* Images.xcassets */,
				02B2157919D0E5FA00C88870 /* LaunchScreen.xib */,
				02B2156E19D0E5FA00C88870 /* Supporting Files */,
			);
			path = Postcard;
			sourceTree = "<group>";
		};
		02B2156E19D0E5FA00C88870 /* Supporting Files */ = {
			isa = PBXGroup;
			children = (
				02B2159219D0F2C500C88870 /* AlbertEinsteinStamp.jpg */,
				02B2159019D0EEC000C88870 /* SagradaFamilia.jpeg */,
				02B2156F19D0E5FA00C88870 /* Info.plist */,
			);
			name = "Supporting Files";
			sourceTree = "<group>";
		};
		02B2158319D0E5FA00C88870 /* PostcardTests */ = {
			isa = PBXGroup;
			children = (
				02B2158619D0E5FA00C88870 /* PostcardTests.swift */,
				02B2158419D0E5FA00C88870 /* Supporting Files */,
			);
			path = PostcardTests;
			sourceTree = "<group>";
		};
		02B2158419D0E5FA00C88870 /* Supporting Files */ = {
			isa = PBXGroup;
			children = (
				02B2158519D0E5FA00C88870 /* Info.plist */,
			);
			name = "Supporting Files";
			sourceTree = "<group>";
		};
/* End PBXGroup section */

/* Begin PBXNativeTarget section */
		02B2156A19D0E5FA00C88870 /* Postcard */ = {
			isa = PBXNativeTarget;
			buildConfigurationList = 02B2158A19D0E5FA00C88870 /* Build configuration list for PBXNativeTarget "Postcard" */;
			buildPhases = (
				02B2156719D0E5FA00C88870 /* Sources */,
				02B2156819D0E5FA00C88870 /* Frameworks */,
				02B2156919D0E5FA00C88870 /* Resources */,
			);
			buildRules = (
			);
			dependencies = (
			);
			name = Postcard;
			productName = Postcard;
			productReference = 02B2156B19D0E5FA00C88870 /* Postcard.app */;
			productType = "com.apple.product-type.application";
		};
		02B2157F19D0E5FA00C88870 /* PostcardTests */ = {
			isa = PBXNativeTarget;
			buildConfigurationList = 02B2158D19D0E5FA00C88870 /* Build configuration list for PBXNativeTarget "PostcardTests" */;
			buildPhases = (
				02B2157C19D0E5FA00C88870 /* Sources */,
				02B2157D19D0E5FA00C88870 /* Frameworks */,
				02B2157E19D0E5FA00C88870 /* Resources */,
			);
			buildRules = (
			);
			dependencies = (
				02B2158219D0E5FA00C88870 /* PBXTargetDependency */,
			);
			name = PostcardTests;
			productName = PostcardTests;
			productReference = 02B2158019D0E5FA00C88870 /* PostcardTests.xctest */;
			productType = "com.apple.product-type.bundle.unit-test";
		};
/* End PBXNativeTarget section */

/* Begin PBXProject section */
		02B2156319D0E5FA00C88870 /* Project object */ = {
			isa = PBXProject;
			attributes = {
				LastUpgradeCheck = 0600;
				ORGANIZATIONNAME = "Ari Mir";
				TargetAttributes = {
					02B2156A19D0E5FA00C88870 = {
						CreatedOnToolsVersion = 6.0.1;
					};
					02B2157F19D0E5FA00C88870 = {
						CreatedOnToolsVersion = 6.0.1;
						TestTargetID = 02B2156A19D0E5FA00C88870;
					};
				};
			};
			buildConfigurationList = 02B2156619D0E5FA00C88870 /* Build configuration list for PBXProject "Postcard" */;
			compatibilityVersion = "Xcode 3.2";
			developmentRegion = English;
			hasScannedForEncodings = 0;
			knownRegions = (
				en,
				Base,
			);
			mainGroup = 02B2156219D0E5FA00C88870;
			productRefGroup = 02B2156C19D0E5FA00C88870 /* Products */;
			projectDirPath = "";
			projectRoot = "";
			targets = (
				02B2156A19D0E5FA00C88870 /* Postcard */,
				02B2157F19D0E5FA00C88870 /* PostcardTests */,
			);
		};
/* End PBXProject section */

/* Begin PBXResourcesBuildPhase section */
		02B2156919D0E5FA00C88870 /* Resources */ = {
			isa = PBXResourcesBuildPhase;
			buildActionMask = 2147483647;
			files = (
				02B2157619D0E5FA00C88870 /* Main.storyboard in Resources */,
				02B2159119D0EEC000C88870 /* SagradaFamilia.jpeg in Resources */,
				02B2159319D0F2C500C88870 /* AlbertEinsteinStamp.jpg in Resources */,
				02B2157B19D0E5FA00C88870 /* LaunchScreen.xib in Resources */,
				02B2157819D0E5FA00C88870 /* Images.xcassets in Resources */,
			);
			runOnlyForDeploymentPostprocessing = 0;
		};
		02B2157E19D0E5FA00C88870 /* Resources */ = {
			isa = PBXResourcesBuildPhase;
			buildActionMask = 2147483647;
			files = (
			);
			runOnlyForDeploymentPostprocessing = 0;
		};
/* End PBXResourcesBuildPhase section */

/* Begin PBXSourcesBuildPhase section */
		02B2156719D0E5FA00C88870 /* Sources */ = {
			isa = PBXSourcesBuildPhase;
			buildActionMask = 2147483647;
			files = (
				02B2157319D0E5FA00C88870 /* ViewController.swift in Sources */,
				02B2157119D0E5FA00C88870 /* AppDelegate.swift in Sources */,
			);
			runOnlyForDeploymentPostprocessing = 0;
		};
		02B2157C19D0E5FA00C88870 /* Sources */ = {
			isa = PBXSourcesBuildPhase;
			buildActionMask = 2147483647;
			files = (
				02B2158719D0E5FA00C88870 /* PostcardTests.swift in Sources */,
			);
			runOnlyForDeploymentPostprocessing = 0;
		};
/* End PBXSourcesBuildPhase section */

/* Begin PBXTargetDependency section */
		02B2158219D0E5FA00C88870 /* PBXTargetDependency */ = {
			isa = PBXTargetDependency;
			target = 02B2156A19D0E5FA00C88870 /* Postcard */;
			targetProxy = 02B2158119D0E5FA00C88870 /* PBXContainerItemProxy */;
		};
/* End PBXTargetDependency section */

/* Begin PBXVariantGroup section */
		02B2157419D0E5FA00C88870 /* Main.storyboard */ = {
			isa = PBXVariantGroup;
			children = (
				02B2157519D0E5FA00C88870 /* Base */,
			);
			name = Main.storyboard;
			sourceTree = "<group>";
		};
		02B2157919D0E5FA00C88870 /* LaunchScreen.xib */ = {
			isa = PBXVariantGroup;
			children = (
				02B2157A19D0E5FA00C88870 /* Base */,
			);
			name = LaunchScreen.xib;
			sourceTree = "<group>";
		};
/* End PBXVariantGroup section */

/* Begin XCBuildConfiguration section */
		02B2158819D0E5FA00C88870 /* Debug */ = {
			isa = XCBuildConfiguration;
			buildSettings = {
				ALWAYS_SEARCH_USER_PATHS = NO;
				CLANG_CXX_LANGUAGE_STANDARD = "gnu++0x";
				CLANG_CXX_LIBRARY = "libc++";
				CLANG_ENABLE_MODULES = YES;
				CLANG_ENABLE_OBJC_ARC = YES;
				CLANG_WARN_BOOL_CONVERSION = YES;
				CLANG_WARN_CONSTANT_CONVERSION = YES;
				CLANG_WARN_DIRECT_OBJC_ISA_USAGE = YES_ERROR;
				CLANG_WARN_EMPTY_BODY = YES;
				CLANG_WARN_ENUM_CONVERSION = YES;
				CLANG_WARN_INT_CONVERSION = YES;
				CLANG_WARN_OBJC_ROOT_CLASS = YES_ERROR;
				CLANG_WARN_UNREACHABLE_CODE = YES;
				CLANG_WARN__DUPLICATE_METHOD_MATCH = YES;
				"CODE_SIGN_IDENTITY[sdk=iphoneos*]" = "iPhone Developer";
				COPY_PHASE_STRIP = NO;
				ENABLE_STRICT_OBJC_MSGSEND = YES;
				GCC_C_LANGUAGE_STANDARD = gnu99;
				GCC_DYNAMIC_NO_PIC = NO;
				GCC_OPTIMIZATION_LEVEL = 0;
				GCC_PREPROCESSOR_DEFINITIONS = (
					"DEBUG=1",
					"$(inherited)",
				);
				GCC_SYMBOLS_PRIVATE_EXTERN = NO;
				GCC_WARN_64_TO_32_BIT_CONVERSION = YES;
				GCC_WARN_ABOUT_RETURN_TYPE = YES_ERROR;
				GCC_WARN_UNDECLARED_SELECTOR = YES;
				GCC_WARN_UNINITIALIZED_AUTOS = YES_AGGRESSIVE;
				GCC_WARN_UNUSED_FUNCTION = YES;
				GCC_WARN_UNUSED_VARIABLE = YES;
				IPHONEOS_DEPLOYMENT_TARGET = 8.0;
				MTL_ENABLE_DEBUG_INFO = YES;
				ONLY_ACTIVE_ARCH = YES;
				SDKROOT = iphoneos;
				SWIFT_OPTIMIZATION_LEVEL = "-Onone";
			};
			name = Debug;
		};
		02B2158919D0E5FA00C88870 /* Release */ = {
			isa = XCBuildConfiguration;
			buildSettings = {
				ALWAYS_SEARCH_USER_PATHS = NO;
				CLANG_CXX_LANGUAGE_STANDARD = "gnu++0x";
				CLANG_CXX_LIBRARY = "libc++";
				CLANG_ENABLE_MODULES = YES;
				CLANG_ENABLE_OBJC_ARC = YES;
				CLANG_WARN_BOOL_CONVERSION = YES;
				CLANG_WARN_CONSTANT_CONVERSION = YES;
				CLANG_WARN_DIRECT_OBJC_ISA_USAGE = YES_ERROR;
				CLANG_WARN_EMPTY_BODY = YES;
				CLANG_WARN_ENUM_CONVERSION = YES;
				CLANG_WARN_INT_CONVERSION = YES;
				CLANG_WARN_OBJC_ROOT_CLASS = YES_ERROR;
				CLANG_WARN_UNREACHABLE_CODE = YES;
				CLANG_WARN__DUPLICATE_METHOD_MATCH = YES;
				"CODE_SIGN_IDENTITY[sdk=iphoneos*]" = "iPhone Developer";
				COPY_PHASE_STRIP = YES;
				ENABLE_NS_ASSERTIONS = NO;
				ENABLE_STRICT_OBJC_MSGSEND = YES;
				GCC_C_LANGUAGE_STANDARD = gnu99;
				GCC_WARN_64_TO_32_BIT_CONVERSION = YES;
				GCC_WARN_ABOUT_RETURN_TYPE = YES_ERROR;
				GCC_WARN_UNDECLARED_SELECTOR = YES;
				GCC_WARN_UNINITIALIZED_AUTOS = YES_AGGRESSIVE;
				GCC_WARN_UNUSED_FUNCTION = YES;
				GCC_WARN_UNUSED_VARIABLE = YES;
				IPHONEOS_DEPLOYMENT_TARGET = 8.0;
				MTL_ENABLE_DEBUG_INFO = NO;
				SDKROOT = iphoneos;
				VALIDATE_PRODUCT = YES;
			};
			name = Release;
		};
		02B2158B19D0E5FA00C88870 /* Debug */ = {
			isa = XCBuildConfiguration;
			buildSettings = {
				ASSETCATALOG_COMPILER_APPICON_NAME = AppIcon;
				INFOPLIST_FILE = Postcard/Info.plist;
				LD_RUNPATH_SEARCH_PATHS = "$(inherited) @executable_path/Frameworks";
				PRODUCT_NAME = "$(TARGET_NAME)";
			};
			name = Debug;
		};
		02B2158C19D0E5FA00C88870 /* Release */ = {
			isa = XCBuildConfiguration;
			buildSettings = {
				ASSETCATALOG_COMPILER_APPICON_NAME = AppIcon;
				INFOPLIST_FILE = Postcard/Info.plist;
				LD_RUNPATH_SEARCH_PATHS = "$(inherited) @executable_path/Frameworks";
				PRODUCT_NAME = "$(TARGET_NAME)";
			};
			name = Release;
		};
		02B2158E19D0E5FA00C88870 /* Debug */ = {
			isa = XCBuildConfiguration;
			buildSettings = {
				BUNDLE_LOADER = "$(TEST_HOST)";
				FRAMEWORK_SEARCH_PATHS = (
					"$(SDKROOT)/Developer/Library/Frameworks",
					"$(inherited)",
				);
				GCC_PREPROCESSOR_DEFINITIONS = (
					"DEBUG=1",
					"$(inherited)",
				);
				INFOPLIST_FILE = PostcardTests/Info.plist;
				LD_RUNPATH_SEARCH_PATHS = "$(inherited) @executable_path/Frameworks @loader_path/Frameworks";
				PRODUCT_NAME = "$(TARGET_NAME)";
				TEST_HOST = "$(BUILT_PRODUCTS_DIR)/Postcard.app/Postcard";
			};
			name = Debug;
		};
		02B2158F19D0E5FA00C88870 /* Release */ = {
			isa = XCBuildConfiguration;
			buildSettings = {
				BUNDLE_LOADER = "$(TEST_HOST)";
				FRAMEWORK_SEARCH_PATHS = (
					"$(SDKROOT)/Developer/Library/Frameworks",
					"$(inherited)",
				);
				INFOPLIST_FILE = PostcardTests/Info.plist;
				LD_RUNPATH_SEARCH_PATHS = "$(inherited) @executable_path/Frameworks @loader_path/Frameworks";
				PRODUCT_NAME = "$(TARGET_NAME)";
				TEST_HOST = "$(BUILT_PRODUCTS_DIR)/Postcard.app/Postcard";
			};
			name = Release;
		};
/* End XCBuildConfiguration section */

/* Begin XCConfigurationList section */
		02B2156619D0E5FA00C88870 /* Build configuration list for PBXProject "Postcard" */ = {
			isa = XCConfigurationList;
			buildConfigurations = (
				02B2158819D0E5FA00C88870 /* Debug */,
				02B2158919D0E5FA00C88870 /* Release */,
			);
			defaultConfigurationIsVisible = 0;
			defaultConfigurationName = Release;
		};
		02B2158A19D0E5FA00C88870 /* Build configuration list for PBXNativeTarget "Postcard" */ = {
			isa = XCConfigurationList;
			buildConfigurations = (
				02B2158B19D0E5FA00C88870 /* Debug */,
				02B2158C19D0E5FA00C88870 /* Release */,
			);
			defaultConfigurationIsVisible = 0;
		};
		02B2158D19D0E5FA00C88870 /* Build configuration list for PBXNativeTarget "PostcardTests" */ = {
			isa = XCConfigurationList;
			buildConfigurations = (
				02B2158E19D0E5FA00C88870 /* Debug */,
				02B2158F19D0E5FA00C88870 /* Release */,
			);
			defaultConfigurationIsVisible = 0;
		};
/* End XCConfigurationList section */
	};
	rootObject = 02B2156319D0E5FA00C88870 /* Project object */;
}
